
Microsoft Visual Studio Solution File, Format Version 12.00
# Visual Studio Version 17
VisualStudioVersion = 17.6.33712.159
MinimumVisualStudioVersion = 10.0.40219.1
Project("{8BC9CEB8-8B4A-11D0-8D11-00A0C91BC942}") = "GoreBox VS Code snippets generator", "GoreBox VS Code snippets generator\GoreBox VS Code snippets generator.vcxproj", "{89044632-C9D2-49A0-9B81-ACEBD8D063A7}"
EndProject
Global
	GlobalSection(SolutionConfigurationPlatforms) = preSolution
		Debug|x64 = Debug|x64
		Debug|x86 = Debug|x86
		Release|x64 = Release|x64
		Release|x86 = Release|x86
	EndGlobalSection
	GlobalSection(ProjectConfigurationPlatforms) = postSolution
		{89044632-C9D2-49A0-9B81-ACEBD8D063A7}.Debug|x64.ActiveCfg = Debug|x64
		{89044632-C9D2-49A0-9B81-ACEBD8D063A7}.Debug|x64.Build.0 = Debug|x64
		{89044632-C9D2-49A0-9B81-ACEBD8D063A7}.Debug|x86.ActiveCfg = Debug|Win32
		{89044632-C9D2-49A0-9B81-ACEBD8D063A7}.Debug|x86.Build.0 = Debug|Win32
		{89044632-C9D2-49A0-9B81-ACEBD8D063A7}.Release|x64.ActiveCfg = Release|x64
		{89044632-C9D2-49A0-9B81-ACEBD8D063A7}.Release|x64.Build.0 = Release|x64
		{89044632-C9D2-49A0-9B81-ACEBD8D063A7}.Release|x86.ActiveCfg = Release|Win32
		{89044632-C9D2-49A0-9B81-ACEBD8D063A7}.Release|x86.Build.0 = Release|Win32
	EndGlobalSection
	GlobalSection(SolutionProperties) = preSolution
		HideSolutionNode = FALSE
	EndGlobalSection
	GlobalSection(ExtensibilityGlobals) = postSolution
		SolutionGuid = {B1F7B7A6-5A20-40B7-8DD5-FB0689DADE2A}
	EndGlobalSection
EndGlobal
